
Microsoft Visual Studio Solution File, Format Version 12.00
# Visual Studio 14
VisualStudioVersion = 14.0.25420.1
MinimumVisualStudioVersion = 10.0.40219.1
Project("{FAE04EC0-301F-11D3-BF4B-00C04F79EFBC}") = "NinjaDomain.Classes", "NinjaDomain.Classes\NinjaDomain.Classes.csproj", "{C0758412-B220-49A9-A5F4-6707C4BF6A41}"
EndProject
Project("{FAE04EC0-301F-11D3-BF4B-00C04F79EFBC}") = "NinjaDomain.DataModel", "NinjaDomain.DataModel\NinjaDomain.DataModel.csproj", "{2BD93190-23CD-448D-B110-747F28C188BE}"
EndProject
Project("{FAE04EC0-301F-11D3-BF4B-00C04F79EFBC}") = "EDMXFromDB", "EDMXFromDB\EDMXFromDB.csproj", "{C71DF896-4109-41B6-B28A-1A378402AA81}"
EndProject
Project("{FAE04EC0-301F-11D3-BF4B-00C04F79EFBC}") = "CodeModelFromDB", "CodeModelFromDB\CodeModelFromDB.csproj", "{6EEA6E3D-03E2-40C4-BDE8-44BAB38DBE3B}"
EndProject
Global
	GlobalSection(SolutionConfigurationPlatforms) = preSolution
		Debug|Any CPU = Debug|Any CPU
		Release|Any CPU = Release|Any CPU
	EndGlobalSection
	GlobalSection(ProjectConfigurationPlatforms) = postSolution
		{C0758412-B220-49A9-A5F4-6707C4BF6A41}.Debug|Any CPU.ActiveCfg = Debug|Any CPU
		{C0758412-B220-49A9-A5F4-6707C4BF6A41}.Debug|Any CPU.Build.0 = Debug|Any CPU
		{C0758412-B220-49A9-A5F4-6707C4BF6A41}.Release|Any CPU.ActiveCfg = Release|Any CPU
		{C0758412-B220-49A9-A5F4-6707C4BF6A41}.Release|Any CPU.Build.0 = Release|Any CPU
		{2BD93190-23CD-448D-B110-747F28C188BE}.Debug|Any CPU.ActiveCfg = Debug|Any CPU
		{2BD93190-23CD-448D-B110-747F28C188BE}.Debug|Any CPU.Build.0 = Debug|Any CPU
		{2BD93190-23CD-448D-B110-747F28C188BE}.Release|Any CPU.ActiveCfg = Release|Any CPU
		{2BD93190-23CD-448D-B110-747F28C188BE}.Release|Any CPU.Build.0 = Release|Any CPU
		{C71DF896-4109-41B6-B28A-1A378402AA81}.Debug|Any CPU.ActiveCfg = Debug|Any CPU
		{C71DF896-4109-41B6-B28A-1A378402AA81}.Debug|Any CPU.Build.0 = Debug|Any CPU
		{C71DF896-4109-41B6-B28A-1A378402AA81}.Release|Any CPU.ActiveCfg = Release|Any CPU
		{C71DF896-4109-41B6-B28A-1A378402AA81}.Release|Any CPU.Build.0 = Release|Any CPU
		{6EEA6E3D-03E2-40C4-BDE8-44BAB38DBE3B}.Debug|Any CPU.ActiveCfg = Debug|Any CPU
		{6EEA6E3D-03E2-40C4-BDE8-44BAB38DBE3B}.Debug|Any CPU.Build.0 = Debug|Any CPU
		{6EEA6E3D-03E2-40C4-BDE8-44BAB38DBE3B}.Release|Any CPU.ActiveCfg = Release|Any CPU
		{6EEA6E3D-03E2-40C4-BDE8-44BAB38DBE3B}.Release|Any CPU.Build.0 = Release|Any CPU
	EndGlobalSection
	GlobalSection(SolutionProperties) = preSolution
		HideSolutionNode = FALSE
	EndGlobalSection
EndGlobal
